{
  "originHash" : "69bc979439eed8c5dee180b3c792fbbbc6f539682875fe7d6112b5775b51ba6b",
  "pins" : [
    {
      "identity" : "localizer",
      "kind" : "remoteSourceControl",
      "location" : "https://github.com/coaoac/Localizer",
      "state" : {
        "branch" : "master",
        "revision" : "989a3dcc6b2779357c78d2349e119dc6be01ff6e"
      }
    }
  ],
  "version" : 3
}
