{
  "originHash" : "69bc979439eed8c5dee180b3c792fbbbc6f539682875fe7d6112b5775b51ba6b",
  "pins" : [
    {
      "identity" : "localizer",
      "kind" : "remoteSourceControl",
      "location" : "https://github.com/coaoac/Localizer",
      "state" : {
        "branch" : "master",
        "revision" : "2d3c562dfb24f709ec93304274af44a17d969d1e"
      }
    }
  ],
  "version" : 3
}
